
Microsoft Visual Studio Solution File, Format Version 12.00
# Visual Studio Version 17
VisualStudioVersion = 17.9.34728.123
MinimumVisualStudioVersion = 10.0.40219.1
Project("{FAE04EC0-301F-11D3-BF4B-00C04F79EFBC}") = "AutificationService", "AutificationService\AutificationService.csproj", "{49C94826-C711-48C6-90FA-594F2635E5AB}"
EndProject
Global
	GlobalSection(SolutionConfigurationPlatforms) = preSolution
		Debug|Any CPU = Debug|Any CPU
		Release|Any CPU = Release|Any CPU
	EndGlobalSection
	GlobalSection(ProjectConfigurationPlatforms) = postSolution
		{49C94826-C711-48C6-90FA-594F2635E5AB}.Debug|Any CPU.ActiveCfg = Debug|Any CPU
		{49C94826-C711-48C6-90FA-594F2635E5AB}.Debug|Any CPU.Build.0 = Debug|Any CPU
		{49C94826-C711-48C6-90FA-594F2635E5AB}.Release|Any CPU.ActiveCfg = Release|Any CPU
		{49C94826-C711-48C6-90FA-594F2635E5AB}.Release|Any CPU.Build.0 = Release|Any CPU
	EndGlobalSection
	GlobalSection(SolutionProperties) = preSolution
		HideSolutionNode = FALSE
	EndGlobalSection
	GlobalSection(ExtensibilityGlobals) = postSolution
		SolutionGuid = {14BD03F1-E2C6-4C84-9E2C-C4AAFEBAA0E6}
	EndGlobalSection
EndGlobal
